{
  "requires": true,
  "lockfileVersion": 1,
  "dependencies": {
    "date-time-picker": {
      "version": "0.5.3",
      "resolved": "https://registry.npmjs.org/date-time-picker/-/date-time-picker-0.5.3.tgz",
      "integrity": "sha512-R6WGJ7OVboaMcRrn7dM3G7iKAErWghzUbQ2rO7ZJJB3l0nwnG7sO6kh53Zc5VLV2P73sy1cMAmEMsw6XLSj0RQ=="
    }
  }
}
