
Microsoft Visual Studio Solution File, Format Version 12.00
# Visual Studio 15
VisualStudioVersion = 15.0.28307.539
MinimumVisualStudioVersion = 10.0.40219.1
Project("{FAE04EC0-301F-11D3-BF4B-00C04F79EFBC}") = "QuadBike.Model", "QuadBike.Model\QuadBike.Model.csproj", "{11CD8266-F1FD-4F51-A64A-10151B50BA47}"
EndProject
Project("{FAE04EC0-301F-11D3-BF4B-00C04F79EFBC}") = "QuadBike.DataProvider", "QuadBike.DataProvider\QuadBike.DataProvider.csproj", "{CE61C155-1023-41DF-8E36-DF0AC8E42CBD}"
EndProject
Project("{FAE04EC0-301F-11D3-BF4B-00C04F79EFBC}") = "QuadBike.Logic", "QuadBike.Logic\QuadBike.Logic.csproj", "{B6D6E8D6-43AC-44C3-A553-0DE6864884EC}"
EndProject
Project("{FAE04EC0-301F-11D3-BF4B-00C04F79EFBC}") = "QuadBike.Common", "QuadBike.Common\QuadBike.Common.csproj", "{CCB9017A-4852-4714-9CE7-16CDD017F8FD}"
EndProject
Project("{FAE04EC0-301F-11D3-BF4B-00C04F79EFBC}") = "QuadBike.Website", "QuadBike.Website\QuadBike.Website.csproj", "{6D4E22E9-22A9-436E-8380-3E0DC8C8F691}"
EndProject
Global
	GlobalSection(SolutionConfigurationPlatforms) = preSolution
		Debug|Any CPU = Debug|Any CPU
		Release|Any CPU = Release|Any CPU
	EndGlobalSection
	GlobalSection(ProjectConfigurationPlatforms) = postSolution
		{11CD8266-F1FD-4F51-A64A-10151B50BA47}.Debug|Any CPU.ActiveCfg = Debug|Any CPU
		{11CD8266-F1FD-4F51-A64A-10151B50BA47}.Debug|Any CPU.Build.0 = Debug|Any CPU
		{11CD8266-F1FD-4F51-A64A-10151B50BA47}.Release|Any CPU.ActiveCfg = Release|Any CPU
		{11CD8266-F1FD-4F51-A64A-10151B50BA47}.Release|Any CPU.Build.0 = Release|Any CPU
		{CE61C155-1023-41DF-8E36-DF0AC8E42CBD}.Debug|Any CPU.ActiveCfg = Debug|Any CPU
		{CE61C155-1023-41DF-8E36-DF0AC8E42CBD}.Debug|Any CPU.Build.0 = Debug|Any CPU
		{CE61C155-1023-41DF-8E36-DF0AC8E42CBD}.Release|Any CPU.ActiveCfg = Release|Any CPU
		{CE61C155-1023-41DF-8E36-DF0AC8E42CBD}.Release|Any CPU.Build.0 = Release|Any CPU
		{B6D6E8D6-43AC-44C3-A553-0DE6864884EC}.Debug|Any CPU.ActiveCfg = Debug|Any CPU
		{B6D6E8D6-43AC-44C3-A553-0DE6864884EC}.Debug|Any CPU.Build.0 = Debug|Any CPU
		{B6D6E8D6-43AC-44C3-A553-0DE6864884EC}.Release|Any CPU.ActiveCfg = Release|Any CPU
		{B6D6E8D6-43AC-44C3-A553-0DE6864884EC}.Release|Any CPU.Build.0 = Release|Any CPU
		{CCB9017A-4852-4714-9CE7-16CDD017F8FD}.Debug|Any CPU.ActiveCfg = Debug|Any CPU
		{CCB9017A-4852-4714-9CE7-16CDD017F8FD}.Debug|Any CPU.Build.0 = Debug|Any CPU
		{CCB9017A-4852-4714-9CE7-16CDD017F8FD}.Release|Any CPU.ActiveCfg = Release|Any CPU
		{CCB9017A-4852-4714-9CE7-16CDD017F8FD}.Release|Any CPU.Build.0 = Release|Any CPU
		{6D4E22E9-22A9-436E-8380-3E0DC8C8F691}.Debug|Any CPU.ActiveCfg = Debug|Any CPU
		{6D4E22E9-22A9-436E-8380-3E0DC8C8F691}.Debug|Any CPU.Build.0 = Debug|Any CPU
		{6D4E22E9-22A9-436E-8380-3E0DC8C8F691}.Release|Any CPU.ActiveCfg = Release|Any CPU
		{6D4E22E9-22A9-436E-8380-3E0DC8C8F691}.Release|Any CPU.Build.0 = Release|Any CPU
	EndGlobalSection
	GlobalSection(SolutionProperties) = preSolution
		HideSolutionNode = FALSE
	EndGlobalSection
	GlobalSection(ExtensibilityGlobals) = postSolution
		SolutionGuid = {1A2C6622-D52D-4DA7-A8E7-4549DDCF413A}
	EndGlobalSection
EndGlobal
