
Microsoft Visual Studio Solution File, Format Version 12.00
# Visual Studio 15
VisualStudioVersion = 15.0.28307.271
MinimumVisualStudioVersion = 10.0.40219.1
Project("{9A19103F-16F7-4668-BE54-9A1E7A4F7556}") = "QuadBike.Common", "QuadBike.Common\QuadBike.Common.csproj", "{81308DBE-02F2-4B2A-9CA8-698558CB2E64}"
EndProject
Project("{9A19103F-16F7-4668-BE54-9A1E7A4F7556}") = "QuadBike.Model", "QuadBike.Model\QuadBike.Model.csproj", "{9AE11512-EA1C-44BA-9221-1202F39FB74B}"
EndProject
Project("{9A19103F-16F7-4668-BE54-9A1E7A4F7556}") = "QuadBike.Logic", "QuadBike.Logic\QuadBike.Logic.csproj", "{A4436F57-8441-49F7-99A2-C3DDF8E819DD}"
EndProject
Project("{9A19103F-16F7-4668-BE54-9A1E7A4F7556}") = "QuadBike.DataProvider", "QuadBike.DataProvider\QuadBike.DataProvider.csproj", "{EB88FD19-A840-497E-B6E5-97073848372B}"
EndProject
Project("{FAE04EC0-301F-11D3-BF4B-00C04F79EFBC}") = "QuadBike.Website", "QuadBike.Website\QuadBike.Website.csproj", "{AFA65E65-1261-41F5-ADFC-C853355470A1}"
EndProject
Global
	GlobalSection(SolutionConfigurationPlatforms) = preSolution
		Debug|Any CPU = Debug|Any CPU
		Release|Any CPU = Release|Any CPU
	EndGlobalSection
	GlobalSection(ProjectConfigurationPlatforms) = postSolution
		{81308DBE-02F2-4B2A-9CA8-698558CB2E64}.Debug|Any CPU.ActiveCfg = Debug|Any CPU
		{81308DBE-02F2-4B2A-9CA8-698558CB2E64}.Debug|Any CPU.Build.0 = Debug|Any CPU
		{81308DBE-02F2-4B2A-9CA8-698558CB2E64}.Release|Any CPU.ActiveCfg = Release|Any CPU
		{81308DBE-02F2-4B2A-9CA8-698558CB2E64}.Release|Any CPU.Build.0 = Release|Any CPU
		{9AE11512-EA1C-44BA-9221-1202F39FB74B}.Debug|Any CPU.ActiveCfg = Debug|Any CPU
		{9AE11512-EA1C-44BA-9221-1202F39FB74B}.Debug|Any CPU.Build.0 = Debug|Any CPU
		{9AE11512-EA1C-44BA-9221-1202F39FB74B}.Release|Any CPU.ActiveCfg = Release|Any CPU
		{9AE11512-EA1C-44BA-9221-1202F39FB74B}.Release|Any CPU.Build.0 = Release|Any CPU
		{A4436F57-8441-49F7-99A2-C3DDF8E819DD}.Debug|Any CPU.ActiveCfg = Debug|Any CPU
		{A4436F57-8441-49F7-99A2-C3DDF8E819DD}.Debug|Any CPU.Build.0 = Debug|Any CPU
		{A4436F57-8441-49F7-99A2-C3DDF8E819DD}.Release|Any CPU.ActiveCfg = Release|Any CPU
		{A4436F57-8441-49F7-99A2-C3DDF8E819DD}.Release|Any CPU.Build.0 = Release|Any CPU
		{EB88FD19-A840-497E-B6E5-97073848372B}.Debug|Any CPU.ActiveCfg = Debug|Any CPU
		{EB88FD19-A840-497E-B6E5-97073848372B}.Debug|Any CPU.Build.0 = Debug|Any CPU
		{EB88FD19-A840-497E-B6E5-97073848372B}.Release|Any CPU.ActiveCfg = Release|Any CPU
		{EB88FD19-A840-497E-B6E5-97073848372B}.Release|Any CPU.Build.0 = Release|Any CPU
		{AFA65E65-1261-41F5-ADFC-C853355470A1}.Debug|Any CPU.ActiveCfg = Debug|Any CPU
		{AFA65E65-1261-41F5-ADFC-C853355470A1}.Debug|Any CPU.Build.0 = Debug|Any CPU
		{AFA65E65-1261-41F5-ADFC-C853355470A1}.Release|Any CPU.ActiveCfg = Release|Any CPU
		{AFA65E65-1261-41F5-ADFC-C853355470A1}.Release|Any CPU.Build.0 = Release|Any CPU
	EndGlobalSection
	GlobalSection(SolutionProperties) = preSolution
		HideSolutionNode = FALSE
	EndGlobalSection
	GlobalSection(ExtensibilityGlobals) = postSolution
		SolutionGuid = {B278E0D1-BE74-4F8D-BF11-510279DBDF4F}
	EndGlobalSection
EndGlobal
